
Microsoft Visual Studio Solution File, Format Version 12.00
# Visual Studio 15
VisualStudioVersion = 15.0.28010.2046
MinimumVisualStudioVersion = 10.0.40219.1
Project("{FAE04EC0-301F-11D3-BF4B-00C04F79EFBC}") = "Encryptor", "Encryptor\Encryptor.csproj", "{1F80017D-90C7-47D2-AB5B-C9949231ED09}"
EndProject
Global
	GlobalSection(SolutionConfigurationPlatforms) = preSolution
		Debug|Any CPU = Debug|Any CPU
		Release|Any CPU = Release|Any CPU
	EndGlobalSection
	GlobalSection(ProjectConfigurationPlatforms) = postSolution
		{1F80017D-90C7-47D2-AB5B-C9949231ED09}.Debug|Any CPU.ActiveCfg = Debug|Any CPU
		{1F80017D-90C7-47D2-AB5B-C9949231ED09}.Debug|Any CPU.Build.0 = Debug|Any CPU
		{1F80017D-90C7-47D2-AB5B-C9949231ED09}.Release|Any CPU.ActiveCfg = Release|Any CPU
		{1F80017D-90C7-47D2-AB5B-C9949231ED09}.Release|Any CPU.Build.0 = Release|Any CPU
	EndGlobalSection
	GlobalSection(SolutionProperties) = preSolution
		HideSolutionNode = FALSE
	EndGlobalSection
	GlobalSection(ExtensibilityGlobals) = postSolution
		SolutionGuid = {3BA9F606-9CC5-4A39-8315-6C0252A2300B}
	EndGlobalSection
EndGlobal
